lockfileVersion: '9.0'

settings:
  autoInstallPeers: true
  excludeLinksFromLockfile: false

importers:

  .:
    dependencies:
      changeset:
        specifier: ^0.2.6
        version: 0.2.6
      commit:
        specifier: link:@changesets/cli/commit
        version: link:@changesets/cli/commit
      prettier:
        specifier: ^3.6.2
        version: 3.6.2

packages:

  changeset@0.2.6:
    resolution: {integrity: sha512-d21ym9zLPOKMVhIa8ulJo5IV3QR2NNdK6BWuwg48qJA0XSQaMeDjo1UGThcTn7YDmU08j3UpKyFNvb3zplk8mw==}

  prettier@3.6.2:
    resolution: {integrity: sha512-I7AIg5boAr5R0FFtJ6rCfD+LFsWHp81dolrFD8S79U9tb8Az2nGrJncnMSnys+bpQJfRUzqs9hnA81OAA3hCuQ==}
    engines: {node: '>=14'}
    hasBin: true

  udc@1.0.1:
    resolution: {integrity: sha512-jv+D9de1flsum5QkFtBdjyppCQAdz9kTck/0xST5Vx48T9LL2BYnw0Iw77dSKDQ9KZ/PS3qPO1vfXHDpLZlxcQ==}

  underscore@1.13.7:
    resolution: {integrity: sha512-GMXzWtsc57XAtguZgaQViUOzs0KTkk8ojr3/xAxXLITqf/3EMwxC0inyETfDFjH/Krbhuep0HNbbjI9i/q3F3g==}

snapshots:

  changeset@0.2.6:
    dependencies:
      udc: 1.0.1
      underscore: 1.13.7

  prettier@3.6.2: {}

  udc@1.0.1: {}

  underscore@1.13.7: {}
